
Microsoft Visual Studio Solution File, Format Version 12.00
# Visual Studio Version 17
VisualStudioVersion = 17.4.33110.190
MinimumVisualStudioVersion = 10.0.40219.1
Project("{FAE04EC0-301F-11D3-BF4B-00C04F79EFBC}") = "PlayMakerApp", "PlayMakerApp\PlayMakerApp.csproj", "{7CB0B636-04C6-4F85-9661-66A9229DE485}"
EndProject
Global
	GlobalSection(SolutionConfigurationPlatforms) = preSolution
		Debug|Any CPU = Debug|Any CPU
		Release|Any CPU = Release|Any CPU
	EndGlobalSection
	GlobalSection(ProjectConfigurationPlatforms) = postSolution
		{7CB0B636-04C6-4F85-9661-66A9229DE485}.Debug|Any CPU.ActiveCfg = Debug|Any CPU
		{7CB0B636-04C6-4F85-9661-66A9229DE485}.Debug|Any CPU.Build.0 = Debug|Any CPU
		{7CB0B636-04C6-4F85-9661-66A9229DE485}.Release|Any CPU.ActiveCfg = Release|Any CPU
		{7CB0B636-04C6-4F85-9661-66A9229DE485}.Release|Any CPU.Build.0 = Release|Any CPU
	EndGlobalSection
	GlobalSection(SolutionProperties) = preSolution
		HideSolutionNode = FALSE
	EndGlobalSection
	GlobalSection(ExtensibilityGlobals) = postSolution
		SolutionGuid = {D1C40C2A-41D3-4F7F-B228-09C569E86F71}
	EndGlobalSection
EndGlobal
